
Microsoft Visual Studio Solution File, Format Version 12.00
# Visual Studio Version 16
VisualStudioVersion = 25.0.1706.8
MinimumVisualStudioVersion = 10.0.40219.1
Project("{FAE04EC0-301F-11D3-BF4B-00C04F79EFBC}") = "Week3_Lezione3_Esercitazione2", "Week3_Lezione3_Esercitazione2\Week3_Lezione3_Esercitazione2.csproj", "{34D38131-D505-46F4-B4F6-7DB7AF9DC830}"
EndProject
Global
	GlobalSection(SolutionConfigurationPlatforms) = preSolution
		Debug|Any CPU = Debug|Any CPU
		Release|Any CPU = Release|Any CPU
	EndGlobalSection
	GlobalSection(ProjectConfigurationPlatforms) = postSolution
		{34D38131-D505-46F4-B4F6-7DB7AF9DC830}.Debug|Any CPU.ActiveCfg = Debug|Any CPU
		{34D38131-D505-46F4-B4F6-7DB7AF9DC830}.Debug|Any CPU.Build.0 = Debug|Any CPU
		{34D38131-D505-46F4-B4F6-7DB7AF9DC830}.Release|Any CPU.ActiveCfg = Release|Any CPU
		{34D38131-D505-46F4-B4F6-7DB7AF9DC830}.Release|Any CPU.Build.0 = Release|Any CPU
	EndGlobalSection
	GlobalSection(SolutionProperties) = preSolution
		HideSolutionNode = FALSE
	EndGlobalSection
	GlobalSection(ExtensibilityGlobals) = postSolution
		SolutionGuid = {8A548D76-2956-4DBB-B5EE-D1EAA3E93B10}
	EndGlobalSection
EndGlobal
